{
  "version": 4,
  "terraform_version": "0.12.12",
  "serial": 1,
  "lineage": "9aae51cb-f2a8-5a17-b0eb-f5fe3de14e0e",
  "outputs": {},
  "resources": [
    {
      "mode": "managed",
      "type": "aws_eip",
      "name": "eip_nlb",
      "provider": "provider.aws",
      "instances": [
        {
          "status": "tainted",
          "schema_version": 0,
          "attributes": {
            "allocation_id": null,
            "associate_with_private_ip": null,
            "association_id": null,
            "domain": "standard",
            "id": "54.235.165.182",
            "instance": null,
            "network_interface": null,
            "private_dns": null,
            "private_ip": null,
            "public_dns": null,
            "public_ip": null,
            "public_ipv4_pool": null,
            "tags": {
              "Env": "test",
              "Name": "test-network-lb-eip"
            },
            "timeouts": null,
            "vpc": null
          },
          "private": "eyJlMmJmYjczMC1lY2FhLTExZTYtOGY4OC0zNDM2M2JjN2M0YzAiOnsiZGVsZXRlIjoxODAwMDAwMDAwMDAsInJlYWQiOjkwMDAwMDAwMDAwMCwidXBkYXRlIjozMDAwMDAwMDAwMDB9fQ=="
        }
      ]
    }
  ]
}
